{
  "version": 4,
  "terraform_version": "1.1.9",
  "serial": 28,
  "lineage": "a2d26e2d-d56e-6329-1256-808e1fea7f06",
  "outputs": {
    "external_ip_address_ms": {
      "value": [
        "51.250.72.225",
        "51.250.88.128",
        "51.250.83.200"
      ],
      "type": [
        "tuple",
        [
          "string",
          "string",
          "string"
        ]
      ]
    }
  },
  "resources": [
    {
      "mode": "data",
      "type": "yandex_compute_image",
      "name": "ubuntu-image",
      "provider": "provider[\"terraform-registry.storage.yandexcloud.net/yandex-cloud/yandex\"]",
      "instances": [
        {
          "schema_version": 0,
          "attributes": {
            "created_at": "2022-05-02T10:43:38Z",
            "description": "ubuntu 18.04 lts",
            "family": "ubuntu-1804-lts",
            "folder_id": "standard-images",
            "id": "fd8cspmdedf8dgshnik6",
            "image_id": "fd8cspmdedf8dgshnik6",
            "labels": {},
            "min_disk_size": 3,
            "name": "ubuntu-18-04-lts-v20220502",
            "os_type": "linux",
            "pooled": true,
            "product_ids": [
              "f2ev8l9l3u5btmre5882"
            ],
            "size": 2,
            "status": "ready"
          },
          "sensitive_attributes": []
        }
      ]
    },
    {
      "mode": "managed",
      "type": "yandex_compute_instance",
      "name": "ms",
      "provider": "provider[\"terraform-registry.storage.yandexcloud.net/yandex-cloud/yandex\"]",
      "instances": [
        {
          "index_key": 0,
          "schema_version": 1,
          "attributes": {
            "allow_stopping_for_update": null,
            "boot_disk": [
              {
                "auto_delete": true,
                "device_name": "fhmtjst72rqfj4aunid0",
                "disk_id": "fhmtjst72rqfj4aunid0",
                "initialize_params": [
                  {
                    "block_size": 4096,
                    "description": "",
                    "image_id": "fd8cspmdedf8dgshnik6",
                    "name": "",
                    "size": 40,
                    "snapshot_id": "",
                    "type": "network-ssd"
                  }
                ],
                "mode": "READ_WRITE"
              }
            ],
            "created_at": "2022-05-03T14:56:44Z",
            "description": "",
            "folder_id": "b1ghl2huasbh524ljfle",
            "fqdn": "fhmmieslpe4epofj85id.auto.internal",
            "hostname": "fhmmieslpe4epofj85id",
            "id": "fhmmieslpe4epofj85id",
            "labels": null,
            "metadata": {
              "ssh-keys": "ubuntu:ssh-rsa AAAAB3NzaC1yc2EAAAADAQABAAABAQDtB1mYswXpqdjAs6qAAJLu6Liu4VKt/tEOYTCw+rguszZkM4tn9gNAd1m7urkjQ2nslQdGnwYEEDcsDR9jH6ZGIgk1+zr+9nkE6+XGV5/8UP+wv7HNHUFKtZH58UQS0xZnUgt0Ifcqo6TbsP1KkBLwocBjKK9dDpNoBPIk3/+SGwg+7Gaxy+R6+OXJk1+OWTTDQqOQSW+UkURXZjB/rG5onz8Lgpws0O4dzv0ShQEQBAJ7z+6BGXi7IWMmOqySvkX0Z93fI+hdLFAGVhFxhbq9RAHysMcFTrZBDv2JuihcV3gvSdsSLqWurgier1ylMD2CK9j8SFd8naOfO4EXE2H7 appuser\n"
            },
            "name": "node1",
            "network_acceleration_type": "standard",
            "network_interface": [
              {
                "dns_record": [],
                "index": 0,
                "ip_address": "10.128.0.3",
                "ipv4": true,
                "ipv6": false,
                "ipv6_address": "",
                "ipv6_dns_record": [],
                "mac_address": "d0:0d:16:93:b9:5c",
                "nat": true,
                "nat_dns_record": [],
                "nat_ip_address": "51.250.72.225",
                "nat_ip_version": "IPV4",
                "security_group_ids": [],
                "subnet_id": "e9b75d51nv8h3meflpn5"
              }
            ],
            "placement_policy": [
              {
                "placement_group_id": ""
              }
            ],
            "platform_id": "standard-v1",
            "resources": [
              {
                "core_fraction": 20,
                "cores": 4,
                "gpus": 0,
                "memory": 4
              }
            ],
            "scheduling_policy": [
              {
                "preemptible": false
              }
            ],
            "secondary_disk": [],
            "service_account_id": "",
            "status": "running",
            "timeouts": null,
            "zone": "ru-central1-a"
          },
          "sensitive_attributes": [],
          "private": "eyJlMmJmYjczMC1lY2FhLTExZTYtOGY4OC0zNDM2M2JjN2M0YzAiOnsiY3JlYXRlIjozMDAwMDAwMDAwMDAsImRlbGV0ZSI6MzAwMDAwMDAwMDAwLCJ1cGRhdGUiOjMwMDAwMDAwMDAwMH0sInNjaGVtYV92ZXJzaW9uIjoiMSJ9",
          "dependencies": [
            "data.yandex_compute_image.ubuntu-image"
          ]
        },
        {
          "index_key": 1,
          "schema_version": 1,
          "attributes": {
            "allow_stopping_for_update": null,
            "boot_disk": [
              {
                "auto_delete": true,
                "device_name": "fhm5ku2i07rrhmlrqei5",
                "disk_id": "fhm5ku2i07rrhmlrqei5",
                "initialize_params": [
                  {
                    "block_size": 4096,
                    "description": "",
                    "image_id": "fd8cspmdedf8dgshnik6",
                    "name": "",
                    "size": 40,
                    "snapshot_id": "",
                    "type": "network-ssd"
                  }
                ],
                "mode": "READ_WRITE"
              }
            ],
            "created_at": "2022-05-03T14:56:44Z",
            "description": "",
            "folder_id": "b1ghl2huasbh524ljfle",
            "fqdn": "fhmo669dhnmjk0atsagp.auto.internal",
            "hostname": "fhmo669dhnmjk0atsagp",
            "id": "fhmo669dhnmjk0atsagp",
            "labels": null,
            "metadata": {
              "ssh-keys": "ubuntu:ssh-rsa AAAAB3NzaC1yc2EAAAADAQABAAABAQDtB1mYswXpqdjAs6qAAJLu6Liu4VKt/tEOYTCw+rguszZkM4tn9gNAd1m7urkjQ2nslQdGnwYEEDcsDR9jH6ZGIgk1+zr+9nkE6+XGV5/8UP+wv7HNHUFKtZH58UQS0xZnUgt0Ifcqo6TbsP1KkBLwocBjKK9dDpNoBPIk3/+SGwg+7Gaxy+R6+OXJk1+OWTTDQqOQSW+UkURXZjB/rG5onz8Lgpws0O4dzv0ShQEQBAJ7z+6BGXi7IWMmOqySvkX0Z93fI+hdLFAGVhFxhbq9RAHysMcFTrZBDv2JuihcV3gvSdsSLqWurgier1ylMD2CK9j8SFd8naOfO4EXE2H7 appuser\n"
            },
            "name": "node2",
            "network_acceleration_type": "standard",
            "network_interface": [
              {
                "dns_record": [],
                "index": 0,
                "ip_address": "10.128.0.32",
                "ipv4": true,
                "ipv6": false,
                "ipv6_address": "",
                "ipv6_dns_record": [],
                "mac_address": "d0:0d:18:31:92:d8",
                "nat": true,
                "nat_dns_record": [],
                "nat_ip_address": "51.250.88.128",
                "nat_ip_version": "IPV4",
                "security_group_ids": [],
                "subnet_id": "e9b75d51nv8h3meflpn5"
              }
            ],
            "placement_policy": [
              {
                "placement_group_id": ""
              }
            ],
            "platform_id": "standard-v1",
            "resources": [
              {
                "core_fraction": 20,
                "cores": 4,
                "gpus": 0,
                "memory": 4
              }
            ],
            "scheduling_policy": [
              {
                "preemptible": false
              }
            ],
            "secondary_disk": [],
            "service_account_id": "",
            "status": "running",
            "timeouts": null,
            "zone": "ru-central1-a"
          },
          "sensitive_attributes": [],
          "private": "eyJlMmJmYjczMC1lY2FhLTExZTYtOGY4OC0zNDM2M2JjN2M0YzAiOnsiY3JlYXRlIjozMDAwMDAwMDAwMDAsImRlbGV0ZSI6MzAwMDAwMDAwMDAwLCJ1cGRhdGUiOjMwMDAwMDAwMDAwMH0sInNjaGVtYV92ZXJzaW9uIjoiMSJ9",
          "dependencies": [
            "data.yandex_compute_image.ubuntu-image"
          ]
        },
        {
          "index_key": 2,
          "schema_version": 1,
          "attributes": {
            "allow_stopping_for_update": null,
            "boot_disk": [
              {
                "auto_delete": true,
                "device_name": "fhmrodkjuf052s7gmsto",
                "disk_id": "fhmrodkjuf052s7gmsto",
                "initialize_params": [
                  {
                    "block_size": 4096,
                    "description": "",
                    "image_id": "fd8cspmdedf8dgshnik6",
                    "name": "",
                    "size": 40,
                    "snapshot_id": "",
                    "type": "network-ssd"
                  }
                ],
                "mode": "READ_WRITE"
              }
            ],
            "created_at": "2022-05-03T14:56:44Z",
            "description": "",
            "folder_id": "b1ghl2huasbh524ljfle",
            "fqdn": "fhm0eipbmaun0b0rciuf.auto.internal",
            "hostname": "fhm0eipbmaun0b0rciuf",
            "id": "fhm0eipbmaun0b0rciuf",
            "labels": null,
            "metadata": {
              "ssh-keys": "ubuntu:ssh-rsa AAAAB3NzaC1yc2EAAAADAQABAAABAQDtB1mYswXpqdjAs6qAAJLu6Liu4VKt/tEOYTCw+rguszZkM4tn9gNAd1m7urkjQ2nslQdGnwYEEDcsDR9jH6ZGIgk1+zr+9nkE6+XGV5/8UP+wv7HNHUFKtZH58UQS0xZnUgt0Ifcqo6TbsP1KkBLwocBjKK9dDpNoBPIk3/+SGwg+7Gaxy+R6+OXJk1+OWTTDQqOQSW+UkURXZjB/rG5onz8Lgpws0O4dzv0ShQEQBAJ7z+6BGXi7IWMmOqySvkX0Z93fI+hdLFAGVhFxhbq9RAHysMcFTrZBDv2JuihcV3gvSdsSLqWurgier1ylMD2CK9j8SFd8naOfO4EXE2H7 appuser\n"
            },
            "name": "node3",
            "network_acceleration_type": "standard",
            "network_interface": [
              {
                "dns_record": [],
                "index": 0,
                "ip_address": "10.128.0.13",
                "ipv4": true,
                "ipv6": false,
                "ipv6_address": "",
                "ipv6_dns_record": [],
                "mac_address": "d0:0d:74:b2:bb:2b",
                "nat": true,
                "nat_dns_record": [],
                "nat_ip_address": "51.250.83.200",
                "nat_ip_version": "IPV4",
                "security_group_ids": [],
                "subnet_id": "e9b75d51nv8h3meflpn5"
              }
            ],
            "placement_policy": [
              {
                "placement_group_id": ""
              }
            ],
            "platform_id": "standard-v1",
            "resources": [
              {
                "core_fraction": 20,
                "cores": 4,
                "gpus": 0,
                "memory": 4
              }
            ],
            "scheduling_policy": [
              {
                "preemptible": false
              }
            ],
            "secondary_disk": [],
            "service_account_id": "",
            "status": "running",
            "timeouts": null,
            "zone": "ru-central1-a"
          },
          "sensitive_attributes": [],
          "private": "eyJlMmJmYjczMC1lY2FhLTExZTYtOGY4OC0zNDM2M2JjN2M0YzAiOnsiY3JlYXRlIjozMDAwMDAwMDAwMDAsImRlbGV0ZSI6MzAwMDAwMDAwMDAwLCJ1cGRhdGUiOjMwMDAwMDAwMDAwMH0sInNjaGVtYV92ZXJzaW9uIjoiMSJ9",
          "dependencies": [
            "data.yandex_compute_image.ubuntu-image"
          ]
        }
      ]
    }
  ]
}
